
Microsoft Visual Studio Solution File, Format Version 12.00
# Visual Studio Version 16
VisualStudioVersion = 16.0.29215.179
MinimumVisualStudioVersion = 10.0.40219.1
Project("{FAE04EC0-301F-11D3-BF4B-00C04F79EFBC}") = "Physmem2profit", "Physmem2profit.csproj", "{814708C9-2320-42D2-A45F-31E42DA06A94}"
EndProject
Global
	GlobalSection(SolutionConfigurationPlatforms) = preSolution
		Debug|Any CPU = Debug|Any CPU
		Release|Any CPU = Release|Any CPU
	EndGlobalSection
	GlobalSection(ProjectConfigurationPlatforms) = postSolution
		{814708C9-2320-42D2-A45F-31E42DA06A94}.Debug|Any CPU.ActiveCfg = Debug|Any CPU
		{814708C9-2320-42D2-A45F-31E42DA06A94}.Debug|Any CPU.Build.0 = Debug|Any CPU
		{814708C9-2320-42D2-A45F-31E42DA06A94}.Release|Any CPU.ActiveCfg = Release|Any CPU
		{814708C9-2320-42D2-A45F-31E42DA06A94}.Release|Any CPU.Build.0 = Release|Any CPU
	EndGlobalSection
	GlobalSection(SolutionProperties) = preSolution
		HideSolutionNode = FALSE
	EndGlobalSection
	GlobalSection(ExtensibilityGlobals) = postSolution
		SolutionGuid = {601BAC14-28FE-4664-BA29-18C983E031E8}
	EndGlobalSection
EndGlobal
